
Microsoft Visual Studio Solution File, Format Version 12.00
Project("{FAE04EC0-301F-11D3-BF4B-00C04F79EFBC}") = "ejercicio_1Ride", "ejercicio_1Ride\ejercicio_1Ride.csproj", "{FFE58B49-4159-4833-B608-3FC64C525D3A}"
EndProject
Global
	GlobalSection(SolutionConfigurationPlatforms) = preSolution
		Debug|Any CPU = Debug|Any CPU
		Release|Any CPU = Release|Any CPU
	EndGlobalSection
	GlobalSection(ProjectConfigurationPlatforms) = postSolution
		{FFE58B49-4159-4833-B608-3FC64C525D3A}.Debug|Any CPU.ActiveCfg = Debug|Any CPU
		{FFE58B49-4159-4833-B608-3FC64C525D3A}.Debug|Any CPU.Build.0 = Debug|Any CPU
		{FFE58B49-4159-4833-B608-3FC64C525D3A}.Release|Any CPU.ActiveCfg = Release|Any CPU
		{FFE58B49-4159-4833-B608-3FC64C525D3A}.Release|Any CPU.Build.0 = Release|Any CPU
	EndGlobalSection
EndGlobal
