Microsoft Visual Studio Solution File, Format Version 12.00
# Visual Studio Version 17
VisualStudioVersion = 17.5.2.0
MinimumVisualStudioVersion = 10.0.40219.1
Project("{FAE04EC0-301F-11D3-BF4B-00C04F79EFBC}") = "ejercicio_11", "ejercicio_11.csproj", "{92774AEC-5EDD-26EF-5FAE-8052B45B500A}"
EndProject
Global
	GlobalSection(SolutionConfigurationPlatforms) = preSolution
		Debug|Any CPU = Debug|Any CPU
		Release|Any CPU = Release|Any CPU
	EndGlobalSection
	GlobalSection(ProjectConfigurationPlatforms) = postSolution
		{92774AEC-5EDD-26EF-5FAE-8052B45B500A}.Debug|Any CPU.ActiveCfg = Debug|Any CPU
		{92774AEC-5EDD-26EF-5FAE-8052B45B500A}.Debug|Any CPU.Build.0 = Debug|Any CPU
		{92774AEC-5EDD-26EF-5FAE-8052B45B500A}.Release|Any CPU.ActiveCfg = Release|Any CPU
		{92774AEC-5EDD-26EF-5FAE-8052B45B500A}.Release|Any CPU.Build.0 = Release|Any CPU
	EndGlobalSection
	GlobalSection(SolutionProperties) = preSolution
		HideSolutionNode = FALSE
	EndGlobalSection
	GlobalSection(ExtensibilityGlobals) = postSolution
		SolutionGuid = {2AD71664-EB47-4CD5-80A9-4093DD0EF888}
	EndGlobalSection
EndGlobal
